lockfileVersion: '9.0'

settings:
  autoInstallPeers: true
  excludeLinksFromLockfile: false

importers:

  .:
    devDependencies:
      '@swc/core':
        specifier: ^1.12.9
        version: 1.12.9
      oxc-transform:
        specifier: ^0.75.1
        version: 0.75.1
      typescript:
        specifier: ^5.8.3
        version: 5.8.3

packages:

  '@emnapi/core@1.4.3':
    resolution: {integrity: sha512-4m62DuCE07lw01soJwPiBGC0nAww0Q+RY70VZ+n49yDIO13yyinhbWCeNnaob0lakDtWQzSdtNWzJeOJt2ma+g==}

  '@emnapi/runtime@1.4.3':
    resolution: {integrity: sha512-pBPWdu6MLKROBX05wSNKcNb++m5Er+KQ9QkB+WVM+pW2Kx9hoSrVTnu3BdkI5eBLZoKu/J6mW/B6i6bJB2ytXQ==}

  '@emnapi/wasi-threads@1.0.2':
    resolution: {integrity: sha512-5n3nTJblwRi8LlXkJ9eBzu+kZR8Yxcc7ubakyQTFzPMtIhFpUBRbsnc2Dv88IZDIbCDlBiWrknhB4Lsz7mg6BA==}

  '@napi-rs/wasm-runtime@0.2.11':
    resolution: {integrity: sha512-9DPkXtvHydrcOsopiYpUgPHpmj0HWZKMUnL2dZqpvC42lsratuBG06V5ipyno0fUek5VlFsNQ+AcFATSrJXgMA==}

  '@oxc-transform/binding-android-arm64@0.75.1':
    resolution: {integrity: sha512-nCWttA1TJpRlK6CFd8VbHHh7G8x06Fo1WKjuziwls112eSJrqPKQMCzWlpemgcbkzii1llviWOhNi46F+/rV3Q==}
    engines: {node: '>=14.0.0'}
    cpu: [arm64]
    os: [android]

  '@oxc-transform/binding-darwin-arm64@0.75.1':
    resolution: {integrity: sha512-5+1psmFWqciPWNnnku2d+Xsv3Zn9zbDux8+3eEYHdps1w+hbNd1Va2KmyIVCyAVtHhAaQGwEzqV3GFxHjXXMdQ==}
    engines: {node: '>=14.0.0'}
    cpu: [arm64]
    os: [darwin]

  '@oxc-transform/binding-darwin-x64@0.75.1':
    resolution: {integrity: sha512-9EEE+TmIBVHVGGlmvay4jCLoK78dC6OXvWc+W0bDKn6sBQ5Z91CACYMsJGQScEzgB//7nl4aRYNDR2x/I9afDQ==}
    engines: {node: '>=14.0.0'}
    cpu: [x64]
    os: [darwin]

  '@oxc-transform/binding-freebsd-x64@0.75.1':
    resolution: {integrity: sha512-nMCpHhTHcmZD+CJGIBR24Qisrwqxn5Fhf3CkmJYQl9iUXXR/JDv85NRWBhNAyPAVqmQVBOq3h60Z7HQX7B1hWg==}
    engines: {node: '>=14.0.0'}
    cpu: [x64]
    os: [freebsd]

  '@oxc-transform/binding-linux-arm-gnueabihf@0.75.1':
    resolution: {integrity: sha512-tfRL3Pw38zwuSrYyzjNLW3xn450z4AyCzM9yfYaTVXHvqSFmNslQEbZddTyE/6n25orr++bxWlNk8D9CfO3vhw==}
    engines: {node: '>=14.0.0'}
    cpu: [arm]
    os: [linux]

  '@oxc-transform/binding-linux-arm-musleabihf@0.75.1':
    resolution: {integrity: sha512-z/4TzdN/Sa9IIkBbMZkKwm5kNaJumlh8gcklA7CpRElCqG0ZI2UdqpTDse7rAAoVOarau2E+raR99pzqWM6U7Q==}
    engines: {node: '>=14.0.0'}
    cpu: [arm]
    os: [linux]

  '@oxc-transform/binding-linux-arm64-gnu@0.75.1':
    resolution: {integrity: sha512-qNGEpVsQ3UjcE4IdEMIRqO56LXcevOjAls85PJG5Su4eObAjzQXUBbLw/Ap/FEcdDGH9rf1uQeTg5GRHgSM+xw==}
    engines: {node: '>=14.0.0'}
    cpu: [arm64]
    os: [linux]

  '@oxc-transform/binding-linux-arm64-musl@0.75.1':
    resolution: {integrity: sha512-u02pnIvaqP+YAk6hiw/+3WzVCAJexHO2wBSVMPw2a6wMTfyWEF6BzhLPttOpEzH2m/Kc1soguFUrHvToHbfX2Q==}
    engines: {node: '>=14.0.0'}
    cpu: [arm64]
    os: [linux]

  '@oxc-transform/binding-linux-riscv64-gnu@0.75.1':
    resolution: {integrity: sha512-Jthd7RETAjo0OmtmTYG1ACjcLKTiwYwldiyyU8stWInYUH15RTA4LgDckL2+Yozr5wy5P/GguzZCXb4k3H5hhg==}
    engines: {node: '>=14.0.0'}
    cpu: [riscv64]
    os: [linux]

  '@oxc-transform/binding-linux-s390x-gnu@0.75.1':
    resolution: {integrity: sha512-SrUSdD6xO36q+kBOArT1cEV3uvsfSM+lvktNlkdKcb6TwstmJYiAK3JssYvC1R+3+LsB8wnFaTgyMPbA29Dv4g==}
    engines: {node: '>=14.0.0'}
    cpu: [s390x]
    os: [linux]

  '@oxc-transform/binding-linux-x64-gnu@0.75.1':
    resolution: {integrity: sha512-1cKfaVFgVH8eOj3jWCHeRzKXt2xBdBlvgGsg7nV08eieN3CLYuN6UFklEBwCIMScZGZABIZv1f31jKf8/Bf6hw==}
    engines: {node: '>=14.0.0'}
    cpu: [x64]
    os: [linux]

  '@oxc-transform/binding-linux-x64-musl@0.75.1':
    resolution: {integrity: sha512-gHUo7pI1V8axZTXJH7BEzIxCry1gzKyOMjCcbipoacZXTTlYUXKxUR23F0Q+yH50SI5Jh7fkBBKArI3WthhS/g==}
    engines: {node: '>=14.0.0'}
    cpu: [x64]
    os: [linux]

  '@oxc-transform/binding-wasm32-wasi@0.75.1':
    resolution: {integrity: sha512-nPWarRi6gQr8Ob+vOezOKHq7ZeJZET4OVNtRBFcyGKpZoNxgsP/Yj1ha5u3NhaOI2FTOSeicWlPIgaJJWt0YSw==}
    engines: {node: '>=14.0.0'}
    cpu: [wasm32]

  '@oxc-transform/binding-win32-arm64-msvc@0.75.1':
    resolution: {integrity: sha512-rixs4g/+TjpsxI866GUJAPzCqnp3uI/Dh3F9+TPpYe2ZODfzrTCq17l9S35COv+VRKluO0kSe/8Sfw0tBWPNSQ==}
    engines: {node: '>=14.0.0'}
    cpu: [arm64]
    os: [win32]

  '@oxc-transform/binding-win32-x64-msvc@0.75.1':
    resolution: {integrity: sha512-llqatJ5Qucry0G1VgFpJNaVntEq9lV11gQeZX49Fhv/EeHJ/X/tCvRcxIPsW4TcrlfxAeHcQ7tSuDD6IbFtIEA==}
    engines: {node: '>=14.0.0'}
    cpu: [x64]
    os: [win32]

  '@swc/core-darwin-arm64@1.12.9':
    resolution: {integrity: sha512-GACFEp4nD6V+TZNR2JwbMZRHB+Yyvp14FrcmB6UCUYmhuNWjkxi+CLnEvdbuiKyQYv0zA+TRpCHZ+whEs6gwfA==}
    engines: {node: '>=10'}
    cpu: [arm64]
    os: [darwin]

  '@swc/core-darwin-x64@1.12.9':
    resolution: {integrity: sha512-hv2kls7Ilkm2EpeJz+I9MCil7pGS3z55ZAgZfxklEuYsxpICycxeH+RNRv4EraggN44ms+FWCjtZFu0LGg2V3g==}
    engines: {node: '>=10'}
    cpu: [x64]
    os: [darwin]

  '@swc/core-linux-arm-gnueabihf@1.12.9':
    resolution: {integrity: sha512-od9tDPiG+wMU9wKtd6y3nYJdNqgDOyLdgRRcrj1/hrbHoUPOM8wZQZdwQYGarw63iLXGgsw7t5HAF9Yc51ilFA==}
    engines: {node: '>=10'}
    cpu: [arm]
    os: [linux]

  '@swc/core-linux-arm64-gnu@1.12.9':
    resolution: {integrity: sha512-6qx1ka9LHcLzxIgn2Mros+CZLkHK2TawlXzi/h7DJeNnzi8F1Hw0Yzjp8WimxNCg6s2n+o3jnmin1oXB7gg8rw==}
    engines: {node: '>=10'}
    cpu: [arm64]
    os: [linux]

  '@swc/core-linux-arm64-musl@1.12.9':
    resolution: {integrity: sha512-yghFZWKPVVGbUdqiD7ft23G0JX6YFGDJPz9YbLLAwGuKZ9th3/jlWoQDAw1Naci31LQhVC+oIji6ozihSuwB2A==}
    engines: {node: '>=10'}
    cpu: [arm64]
    os: [linux]

  '@swc/core-linux-x64-gnu@1.12.9':
    resolution: {integrity: sha512-SFUxyhWLZRNL8QmgGNqdi2Q43PNyFVkRZ2zIif30SOGFSxnxcf2JNeSeBgKIGVgaLSuk6xFVVCtJ3KIeaStgRg==}
    engines: {node: '>=10'}
    cpu: [x64]
    os: [linux]

  '@swc/core-linux-x64-musl@1.12.9':
    resolution: {integrity: sha512-9FB0wM+6idCGTI20YsBNBg9xSWtkDBymnpaTCsZM3qDc0l4uOpJMqbfWhQvp17x7r/ulZfb2QY8RDvQmCL6AcQ==}
    engines: {node: '>=10'}
    cpu: [x64]
    os: [linux]

  '@swc/core-win32-arm64-msvc@1.12.9':
    resolution: {integrity: sha512-zHOusMVbOH9ik5RtRrMiGzLpKwxrPXgXkBm3SbUCa65HAdjV33NZ0/R9Rv1uPESALtEl2tzMYLUxYA5ECFDFhA==}
    engines: {node: '>=10'}
    cpu: [arm64]
    os: [win32]

  '@swc/core-win32-ia32-msvc@1.12.9':
    resolution: {integrity: sha512-aWZf0PqE0ot7tCuhAjRkDFf41AzzSQO0x2xRfTbnhpROp57BRJ/N5eee1VULO/UA2PIJRG7GKQky5bSGBYlFug==}
    engines: {node: '>=10'}
    cpu: [ia32]
    os: [win32]

  '@swc/core-win32-x64-msvc@1.12.9':
    resolution: {integrity: sha512-C25fYftXOras3P3anSUeXXIpxmEkdAcsIL9yrr0j1xepTZ/yKwpnQ6g3coj8UXdeJy4GTVlR6+Ow/QiBgZQNOg==}
    engines: {node: '>=10'}
    cpu: [x64]
    os: [win32]

  '@swc/core@1.12.9':
    resolution: {integrity: sha512-O+LfT2JlVMsIMWG9x+rdxg8GzpzeGtCZQfXV7cKc1PjIKUkLFf1QJ7okuseA4f/9vncu37dQ2ZcRrPKy0Ndd5g==}
    engines: {node: '>=10'}
    peerDependencies:
      '@swc/helpers': '>=0.5.17'
    peerDependenciesMeta:
      '@swc/helpers':
        optional: true

  '@swc/counter@0.1.3':
    resolution: {integrity: sha512-e2BR4lsJkkRlKZ/qCHPw9ZaSxc0MVUd7gtbtaB7aMvHeJVYe8sOB8DBZkP2DtISHGSku9sCK6T6cnY0CtXrOCQ==}

  '@swc/types@0.1.23':
    resolution: {integrity: sha512-u1iIVZV9Q0jxY+yM2vw/hZGDNudsN85bBpTqzAQ9rzkxW9D+e3aEM4Han+ow518gSewkXgjmEK0BD79ZcNVgPw==}

  '@tybys/wasm-util@0.9.0':
    resolution: {integrity: sha512-6+7nlbMVX/PVDCwaIQ8nTOPveOcFLSt8GcXdx8hD0bt39uWxYT88uXzqTd4fTvqta7oeUJqudepapKNt2DYJFw==}

  oxc-transform@0.75.1:
    resolution: {integrity: sha512-kuyQEMzhz6cpBwFifTxgLTw8kgn68h5jP46ChIXVbxN+J75q7cTb95YNYh0FIcdWFmAJOZGhgYtQLPGKqxJN1Q==}
    engines: {node: '>=14.0.0'}

  tslib@2.8.1:
    resolution: {integrity: sha512-oJFu94HQb+KVduSUQL7wnpmqnfmLsOA/nAh6b6EH0wCEoK0/mPeXU6c3wKDV83MkOuHPRHtSXKKU99IBazS/2w==}

  typescript@5.8.3:
    resolution: {integrity: sha512-p1diW6TqL9L07nNxvRMM7hMMw4c5XOo/1ibL4aAIGmSAt9slTE1Xgw5KWuof2uTOvCg9BY7ZRi+GaF+7sfgPeQ==}
    engines: {node: '>=14.17'}
    hasBin: true

snapshots:

  '@emnapi/core@1.4.3':
    dependencies:
      '@emnapi/wasi-threads': 1.0.2
      tslib: 2.8.1
    optional: true

  '@emnapi/runtime@1.4.3':
    dependencies:
      tslib: 2.8.1
    optional: true

  '@emnapi/wasi-threads@1.0.2':
    dependencies:
      tslib: 2.8.1
    optional: true

  '@napi-rs/wasm-runtime@0.2.11':
    dependencies:
      '@emnapi/core': 1.4.3
      '@emnapi/runtime': 1.4.3
      '@tybys/wasm-util': 0.9.0
    optional: true

  '@oxc-transform/binding-android-arm64@0.75.1':
    optional: true

  '@oxc-transform/binding-darwin-arm64@0.75.1':
    optional: true

  '@oxc-transform/binding-darwin-x64@0.75.1':
    optional: true

  '@oxc-transform/binding-freebsd-x64@0.75.1':
    optional: true

  '@oxc-transform/binding-linux-arm-gnueabihf@0.75.1':
    optional: true

  '@oxc-transform/binding-linux-arm-musleabihf@0.75.1':
    optional: true

  '@oxc-transform/binding-linux-arm64-gnu@0.75.1':
    optional: true

  '@oxc-transform/binding-linux-arm64-musl@0.75.1':
    optional: true

  '@oxc-transform/binding-linux-riscv64-gnu@0.75.1':
    optional: true

  '@oxc-transform/binding-linux-s390x-gnu@0.75.1':
    optional: true

  '@oxc-transform/binding-linux-x64-gnu@0.75.1':
    optional: true

  '@oxc-transform/binding-linux-x64-musl@0.75.1':
    optional: true

  '@oxc-transform/binding-wasm32-wasi@0.75.1':
    dependencies:
      '@napi-rs/wasm-runtime': 0.2.11
    optional: true

  '@oxc-transform/binding-win32-arm64-msvc@0.75.1':
    optional: true

  '@oxc-transform/binding-win32-x64-msvc@0.75.1':
    optional: true

  '@swc/core-darwin-arm64@1.12.9':
    optional: true

  '@swc/core-darwin-x64@1.12.9':
    optional: true

  '@swc/core-linux-arm-gnueabihf@1.12.9':
    optional: true

  '@swc/core-linux-arm64-gnu@1.12.9':
    optional: true

  '@swc/core-linux-arm64-musl@1.12.9':
    optional: true

  '@swc/core-linux-x64-gnu@1.12.9':
    optional: true

  '@swc/core-linux-x64-musl@1.12.9':
    optional: true

  '@swc/core-win32-arm64-msvc@1.12.9':
    optional: true

  '@swc/core-win32-ia32-msvc@1.12.9':
    optional: true

  '@swc/core-win32-x64-msvc@1.12.9':
    optional: true

  '@swc/core@1.12.9':
    dependencies:
      '@swc/counter': 0.1.3
      '@swc/types': 0.1.23
    optionalDependencies:
      '@swc/core-darwin-arm64': 1.12.9
      '@swc/core-darwin-x64': 1.12.9
      '@swc/core-linux-arm-gnueabihf': 1.12.9
      '@swc/core-linux-arm64-gnu': 1.12.9
      '@swc/core-linux-arm64-musl': 1.12.9
      '@swc/core-linux-x64-gnu': 1.12.9
      '@swc/core-linux-x64-musl': 1.12.9
      '@swc/core-win32-arm64-msvc': 1.12.9
      '@swc/core-win32-ia32-msvc': 1.12.9
      '@swc/core-win32-x64-msvc': 1.12.9

  '@swc/counter@0.1.3': {}

  '@swc/types@0.1.23':
    dependencies:
      '@swc/counter': 0.1.3

  '@tybys/wasm-util@0.9.0':
    dependencies:
      tslib: 2.8.1
    optional: true

  oxc-transform@0.75.1:
    optionalDependencies:
      '@oxc-transform/binding-android-arm64': 0.75.1
      '@oxc-transform/binding-darwin-arm64': 0.75.1
      '@oxc-transform/binding-darwin-x64': 0.75.1
      '@oxc-transform/binding-freebsd-x64': 0.75.1
      '@oxc-transform/binding-linux-arm-gnueabihf': 0.75.1
      '@oxc-transform/binding-linux-arm-musleabihf': 0.75.1
      '@oxc-transform/binding-linux-arm64-gnu': 0.75.1
      '@oxc-transform/binding-linux-arm64-musl': 0.75.1
      '@oxc-transform/binding-linux-riscv64-gnu': 0.75.1
      '@oxc-transform/binding-linux-s390x-gnu': 0.75.1
      '@oxc-transform/binding-linux-x64-gnu': 0.75.1
      '@oxc-transform/binding-linux-x64-musl': 0.75.1
      '@oxc-transform/binding-wasm32-wasi': 0.75.1
      '@oxc-transform/binding-win32-arm64-msvc': 0.75.1
      '@oxc-transform/binding-win32-x64-msvc': 0.75.1

  tslib@2.8.1:
    optional: true

  typescript@5.8.3: {}
